// !$*UTF8*$!
{
	archiveVersion = 1;
	classes = {
	};
	objectVersion = 48;
	objects = {

/* Begin PBXBuildFile section */
		33367E32465E5514208FA7DD /* Pods_JJServiceManager.framework in Frameworks */ = {isa = PBXBuildFile; fileRef = 83284AD5EE11A8E604D30D93 /* Pods_JJServiceManager.framework */; };
		AB07123520045E3000559041 /* JJServiceManager.framework in Frameworks */ = {isa = PBXBuildFile; fileRef = AB07122B20045E2F00559041 /* JJServiceManager.framework */; };
		AB07123A20045E3000559041 /* JJServiceManagerTests.m in Sources */ = {isa = PBXBuildFile; fileRef = AB07123920045E3000559041 /* JJServiceManagerTests.m */; };
		AB72551B201835CD005FE626 /* JJBaseModel.h in Headers */ = {isa = PBXBuildFile; fileRef = AB725519201835CD005FE626 /* JJBaseModel.h */; settings = {ATTRIBUTES = (Public, ); }; };
		AB72551C201835CD005FE626 /* JJBaseModel.m in Sources */ = {isa = PBXBuildFile; fileRef = AB72551A201835CD005FE626 /* JJBaseModel.m */; };
		AB96E8252004609C001F1B1F /* JJServiceNotification.m in Sources */ = {isa = PBXBuildFile; fileRef = AB96E80E2004609C001F1B1F /* JJServiceNotification.m */; };
		AB96E8262004609C001F1B1F /* JJServiceNotification.h in Headers */ = {isa = PBXBuildFile; fileRef = AB96E80F2004609C001F1B1F /* JJServiceNotification.h */; settings = {ATTRIBUTES = (Public, ); }; };
		AB96E8272004609C001F1B1F /* JJCustomRequest.m in Sources */ = {isa = PBXBuildFile; fileRef = AB96E8112004609C001F1B1F /* JJCustomRequest.m */; };
		AB96E8282004609C001F1B1F /* JJCustomRequest.h in Headers */ = {isa = PBXBuildFile; fileRef = AB96E8122004609C001F1B1F /* JJCustomRequest.h */; settings = {ATTRIBUTES = (Public, ); }; };
		AB96E8292004609C001F1B1F /* JJServiceManager.h in Headers */ = {isa = PBXBuildFile; fileRef = AB96E8132004609C001F1B1F /* JJServiceManager.h */; settings = {ATTRIBUTES = (Public, ); }; };
		AB96E82A2004609C001F1B1F /* JJServiceFactory.h in Headers */ = {isa = PBXBuildFile; fileRef = AB96E8152004609C001F1B1F /* JJServiceFactory.h */; settings = {ATTRIBUTES = (Public, ); }; };
		AB96E82B2004609C001F1B1F /* JJServiceFactory.m in Sources */ = {isa = PBXBuildFile; fileRef = AB96E8162004609C001F1B1F /* JJServiceFactory.m */; };
		AB96E82C2004609C001F1B1F /* JJFeatureSet.h in Headers */ = {isa = PBXBuildFile; fileRef = AB96E8182004609C001F1B1F /* JJFeatureSet.h */; settings = {ATTRIBUTES = (Public, ); }; };
		AB96E82D2004609C001F1B1F /* JJFeatureSet.m in Sources */ = {isa = PBXBuildFile; fileRef = AB96E8192004609C001F1B1F /* JJFeatureSet.m */; };
		AB96E82E2004609C001F1B1F /* JJServiceBatchRequest.m in Sources */ = {isa = PBXBuildFile; fileRef = AB96E81B2004609C001F1B1F /* JJServiceBatchRequest.m */; };
		AB96E82F2004609C001F1B1F /* JJService.h in Headers */ = {isa = PBXBuildFile; fileRef = AB96E81C2004609C001F1B1F /* JJService.h */; settings = {ATTRIBUTES = (Public, ); }; };
		AB96E8312004609C001F1B1F /* JJServiceChainRequest.h in Headers */ = {isa = PBXBuildFile; fileRef = AB96E81E2004609C001F1B1F /* JJServiceChainRequest.h */; settings = {ATTRIBUTES = (Public, ); }; };
		AB96E8322004609C001F1B1F /* JJService.m in Sources */ = {isa = PBXBuildFile; fileRef = AB96E81F2004609C001F1B1F /* JJService.m */; };
		AB96E8332004609C001F1B1F /* JJServiceBatchRequest.h in Headers */ = {isa = PBXBuildFile; fileRef = AB96E8202004609C001F1B1F /* JJServiceBatchRequest.h */; settings = {ATTRIBUTES = (Public, ); }; };
		AB96E8352004609C001F1B1F /* JJServiceChainRequest.m in Sources */ = {isa = PBXBuildFile; fileRef = AB96E8222004609C001F1B1F /* JJServiceChainRequest.m */; };
		ABC87E4F20049BAB00788EF8 /* JJBaseRequest.h in Headers */ = {isa = PBXBuildFile; fileRef = ABC87E4D20049BAB00788EF8 /* JJBaseRequest.h */; settings = {ATTRIBUTES = (Public, ); }; };
		ABC87E5020049BAB00788EF8 /* JJBaseRequest.m in Sources */ = {isa = PBXBuildFile; fileRef = ABC87E4E20049BAB00788EF8 /* JJBaseRequest.m */; };
		ABC87E6A20049C2D00788EF8 /* JJNSMutableDictionaryHelper.h in Headers */ = {isa = PBXBuildFile; fileRef = ABC87E5820049C2C00788EF8 /* JJNSMutableDictionaryHelper.h */; settings = {ATTRIBUTES = (Public, ); }; };
		ABC87E6B20049C2D00788EF8 /* JJNSStringHelper.m in Sources */ = {isa = PBXBuildFile; fileRef = ABC87E5920049C2C00788EF8 /* JJNSStringHelper.m */; };
		ABC87E7220049C2D00788EF8 /* JJNSMutableDictionaryHelper.m in Sources */ = {isa = PBXBuildFile; fileRef = ABC87E6020049C2C00788EF8 /* JJNSMutableDictionaryHelper.m */; };
		ABC87E7420049C2D00788EF8 /* JJNSStringHelper.h in Headers */ = {isa = PBXBuildFile; fileRef = ABC87E6220049C2C00788EF8 /* JJNSStringHelper.h */; settings = {ATTRIBUTES = (Public, ); }; };
		ABC87E7820049FA700788EF8 /* JJEncryptUtil.h in Headers */ = {isa = PBXBuildFile; fileRef = ABC87E7620049FA700788EF8 /* JJEncryptUtil.h */; settings = {ATTRIBUTES = (Public, ); }; };
		ABC87E7920049FA700788EF8 /* JJEncryptUtil.m in Sources */ = {isa = PBXBuildFile; fileRef = ABC87E7720049FA700788EF8 /* JJEncryptUtil.m */; };
		ABC87E7C2004A04B00788EF8 /* JJBase64.m in Sources */ = {isa = PBXBuildFile; fileRef = ABC87E7A2004A04A00788EF8 /* JJBase64.m */; };
		ABC87E7D2004A04B00788EF8 /* JJBase64.h in Headers */ = {isa = PBXBuildFile; fileRef = ABC87E7B2004A04A00788EF8 /* JJBase64.h */; settings = {ATTRIBUTES = (Public, ); }; };
/* End PBXBuildFile section */

/* Begin PBXContainerItemProxy section */
		AB07123620045E3000559041 /* PBXContainerItemProxy */ = {
			isa = PBXContainerItemProxy;
			containerPortal = AB07122220045E2F00559041 /* Project object */;
			proxyType = 1;
			remoteGlobalIDString = AB07122A20045E2F00559041;
			remoteInfo = JJServiceManager;
		};
/* End PBXContainerItemProxy section */

/* Begin PBXFileReference section */
		7BF30DD8D95A3889E1F48907 /* Pods-JJServiceManager.release.xcconfig */ = {isa = PBXFileReference; includeInIndex = 1; lastKnownFileType = text.xcconfig; name = "Pods-JJServiceManager.release.xcconfig"; path = "Pods/Target Support Files/Pods-JJServiceManager/Pods-JJServiceManager.release.xcconfig"; sourceTree = "<group>"; };
		83284AD5EE11A8E604D30D93 /* Pods_JJServiceManager.framework */ = {isa = PBXFileReference; explicitFileType = wrapper.framework; includeInIndex = 0; path = Pods_JJServiceManager.framework; sourceTree = BUILT_PRODUCTS_DIR; };
		AB07122B20045E2F00559041 /* JJServiceManager.framework */ = {isa = PBXFileReference; explicitFileType = wrapper.framework; includeInIndex = 0; path = JJServiceManager.framework; sourceTree = BUILT_PRODUCTS_DIR; };
		AB07123420045E3000559041 /* JJServiceManagerTests.xctest */ = {isa = PBXFileReference; explicitFileType = wrapper.cfbundle; includeInIndex = 0; path = JJServiceManagerTests.xctest; sourceTree = BUILT_PRODUCTS_DIR; };
		AB07123920045E3000559041 /* JJServiceManagerTests.m */ = {isa = PBXFileReference; lastKnownFileType = sourcecode.c.objc; path = JJServiceManagerTests.m; sourceTree = "<group>"; };
		AB07123B20045E3000559041 /* Info.plist */ = {isa = PBXFileReference; lastKnownFileType = text.plist.xml; path = Info.plist; sourceTree = "<group>"; };
		AB725519201835CD005FE626 /* JJBaseModel.h */ = {isa = PBXFileReference; lastKnownFileType = sourcecode.c.h; path = JJBaseModel.h; sourceTree = "<group>"; };
		AB72551A201835CD005FE626 /* JJBaseModel.m */ = {isa = PBXFileReference; lastKnownFileType = sourcecode.c.objc; path = JJBaseModel.m; sourceTree = "<group>"; };
		AB96E80E2004609C001F1B1F /* JJServiceNotification.m */ = {isa = PBXFileReference; fileEncoding = 4; lastKnownFileType = sourcecode.c.objc; path = JJServiceNotification.m; sourceTree = "<group>"; };
		AB96E80F2004609C001F1B1F /* JJServiceNotification.h */ = {isa = PBXFileReference; fileEncoding = 4; lastKnownFileType = sourcecode.c.h; path = JJServiceNotification.h; sourceTree = "<group>"; };
		AB96E8112004609C001F1B1F /* JJCustomRequest.m */ = {isa = PBXFileReference; fileEncoding = 4; lastKnownFileType = sourcecode.c.objc; path = JJCustomRequest.m; sourceTree = "<group>"; };
		AB96E8122004609C001F1B1F /* JJCustomRequest.h */ = {isa = PBXFileReference; fileEncoding = 4; lastKnownFileType = sourcecode.c.h; path = JJCustomRequest.h; sourceTree = "<group>"; };
		AB96E8132004609C001F1B1F /* JJServiceManager.h */ = {isa = PBXFileReference; fileEncoding = 4; lastKnownFileType = sourcecode.c.h; path = JJServiceManager.h; sourceTree = "<group>"; };
		AB96E8152004609C001F1B1F /* JJServiceFactory.h */ = {isa = PBXFileReference; fileEncoding = 4; lastKnownFileType = sourcecode.c.h; path = JJServiceFactory.h; sourceTree = "<group>"; };
		AB96E8162004609C001F1B1F /* JJServiceFactory.m */ = {isa = PBXFileReference; fileEncoding = 4; lastKnownFileType = sourcecode.c.objc; path = JJServiceFactory.m; sourceTree = "<group>"; };
		AB96E8182004609C001F1B1F /* JJFeatureSet.h */ = {isa = PBXFileReference; fileEncoding = 4; lastKnownFileType = sourcecode.c.h; path = JJFeatureSet.h; sourceTree = "<group>"; };
		AB96E8192004609C001F1B1F /* JJFeatureSet.m */ = {isa = PBXFileReference; fileEncoding = 4; lastKnownFileType = sourcecode.c.objc; path = JJFeatureSet.m; sourceTree = "<group>"; };
		AB96E81B2004609C001F1B1F /* JJServiceBatchRequest.m */ = {isa = PBXFileReference; fileEncoding = 4; lastKnownFileType = sourcecode.c.objc; path = JJServiceBatchRequest.m; sourceTree = "<group>"; };
		AB96E81C2004609C001F1B1F /* JJService.h */ = {isa = PBXFileReference; fileEncoding = 4; lastKnownFileType = sourcecode.c.h; path = JJService.h; sourceTree = "<group>"; };
		AB96E81E2004609C001F1B1F /* JJServiceChainRequest.h */ = {isa = PBXFileReference; fileEncoding = 4; lastKnownFileType = sourcecode.c.h; path = JJServiceChainRequest.h; sourceTree = "<group>"; };
		AB96E81F2004609C001F1B1F /* JJService.m */ = {isa = PBXFileReference; fileEncoding = 4; lastKnownFileType = sourcecode.c.objc; path = JJService.m; sourceTree = "<group>"; };
		AB96E8202004609C001F1B1F /* JJServiceBatchRequest.h */ = {isa = PBXFileReference; fileEncoding = 4; lastKnownFileType = sourcecode.c.h; path = JJServiceBatchRequest.h; sourceTree = "<group>"; };
		AB96E8222004609C001F1B1F /* JJServiceChainRequest.m */ = {isa = PBXFileReference; fileEncoding = 4; lastKnownFileType = sourcecode.c.objc; path = JJServiceChainRequest.m; sourceTree = "<group>"; };
		AB96E8232004609C001F1B1F /* Info.plist */ = {isa = PBXFileReference; fileEncoding = 4; lastKnownFileType = text.plist.xml; path = Info.plist; sourceTree = "<group>"; };
		ABC87E4D20049BAB00788EF8 /* JJBaseRequest.h */ = {isa = PBXFileReference; fileEncoding = 4; lastKnownFileType = sourcecode.c.h; path = JJBaseRequest.h; sourceTree = "<group>"; };
		ABC87E4E20049BAB00788EF8 /* JJBaseRequest.m */ = {isa = PBXFileReference; fileEncoding = 4; lastKnownFileType = sourcecode.c.objc; path = JJBaseRequest.m; sourceTree = "<group>"; };
		ABC87E5820049C2C00788EF8 /* JJNSMutableDictionaryHelper.h */ = {isa = PBXFileReference; fileEncoding = 4; lastKnownFileType = sourcecode.c.h; path = JJNSMutableDictionaryHelper.h; sourceTree = "<group>"; };
		ABC87E5920049C2C00788EF8 /* JJNSStringHelper.m */ = {isa = PBXFileReference; fileEncoding = 4; lastKnownFileType = sourcecode.c.objc; path = JJNSStringHelper.m; sourceTree = "<group>"; };
		ABC87E6020049C2C00788EF8 /* JJNSMutableDictionaryHelper.m */ = {isa = PBXFileReference; fileEncoding = 4; lastKnownFileType = sourcecode.c.objc; path = JJNSMutableDictionaryHelper.m; sourceTree = "<group>"; };
		ABC87E6220049C2C00788EF8 /* JJNSStringHelper.h */ = {isa = PBXFileReference; fileEncoding = 4; lastKnownFileType = sourcecode.c.h; path = JJNSStringHelper.h; sourceTree = "<group>"; };
		ABC87E7620049FA700788EF8 /* JJEncryptUtil.h */ = {isa = PBXFileReference; fileEncoding = 4; lastKnownFileType = sourcecode.c.h; path = JJEncryptUtil.h; sourceTree = "<group>"; };
		ABC87E7720049FA700788EF8 /* JJEncryptUtil.m */ = {isa = PBXFileReference; fileEncoding = 4; lastKnownFileType = sourcecode.c.objc; path = JJEncryptUtil.m; sourceTree = "<group>"; };
		ABC87E7A2004A04A00788EF8 /* JJBase64.m */ = {isa = PBXFileReference; fileEncoding = 4; lastKnownFileType = sourcecode.c.objc; path = JJBase64.m; sourceTree = "<group>"; };
		ABC87E7B2004A04A00788EF8 /* JJBase64.h */ = {isa = PBXFileReference; fileEncoding = 4; lastKnownFileType = sourcecode.c.h; path = JJBase64.h; sourceTree = "<group>"; };
		C2121006409946F600ED93D8 /* Pods-JJServiceManager.debug.xcconfig */ = {isa = PBXFileReference; includeInIndex = 1; lastKnownFileType = text.xcconfig; name = "Pods-JJServiceManager.debug.xcconfig"; path = "Pods/Target Support Files/Pods-JJServiceManager/Pods-JJServiceManager.debug.xcconfig"; sourceTree = "<group>"; };
/* End PBXFileReference section */

/* Begin PBXFrameworksBuildPhase section */
		AB07122720045E2F00559041 /* Frameworks */ = {
			isa = PBXFrameworksBuildPhase;
			buildActionMask = 2147483647;
			files = (
				33367E32465E5514208FA7DD /* Pods_JJServiceManager.framework in Frameworks */,
			);
			runOnlyForDeploymentPostprocessing = 0;
		};
		AB07123120045E3000559041 /* Frameworks */ = {
			isa = PBXFrameworksBuildPhase;
			buildActionMask = 2147483647;
			files = (
				AB07123520045E3000559041 /* JJServiceManager.framework in Frameworks */,
			);
			runOnlyForDeploymentPostprocessing = 0;
		};
/* End PBXFrameworksBuildPhase section */

/* Begin PBXGroup section */
		55966D2F2F6199B175F1954A /* Pods */ = {
			isa = PBXGroup;
			children = (
				C2121006409946F600ED93D8 /* Pods-JJServiceManager.debug.xcconfig */,
				7BF30DD8D95A3889E1F48907 /* Pods-JJServiceManager.release.xcconfig */,
			);
			name = Pods;
			sourceTree = "<group>";
		};
		AB07122120045E2F00559041 = {
			isa = PBXGroup;
			children = (
				AB96E80B2004609C001F1B1F /* JJServiceManager */,
				AB07123820045E3000559041 /* JJServiceManagerTests */,
				AB07122C20045E2F00559041 /* Products */,
				55966D2F2F6199B175F1954A /* Pods */,
				ABEC5B9314E6EABCA39CAE70 /* Frameworks */,
			);
			sourceTree = "<group>";
		};
		AB07122C20045E2F00559041 /* Products */ = {
			isa = PBXGroup;
			children = (
				AB07122B20045E2F00559041 /* JJServiceManager.framework */,
				AB07123420045E3000559041 /* JJServiceManagerTests.xctest */,
			);
			name = Products;
			sourceTree = "<group>";
		};
		AB07123820045E3000559041 /* JJServiceManagerTests */ = {
			isa = PBXGroup;
			children = (
				AB07123920045E3000559041 /* JJServiceManagerTests.m */,
				AB07123B20045E3000559041 /* Info.plist */,
			);
			path = JJServiceManagerTests;
			sourceTree = "<group>";
		};
		AB72551820183578005FE626 /* Model */ = {
			isa = PBXGroup;
			children = (
				AB725519201835CD005FE626 /* JJBaseModel.h */,
				AB72551A201835CD005FE626 /* JJBaseModel.m */,
			);
			path = Model;
			sourceTree = "<group>";
		};
		AB96E80B2004609C001F1B1F /* JJServiceManager */ = {
			isa = PBXGroup;
			children = (
				AB96E8172004609C001F1B1F /* FeatureSet */,
				ABC87E5120049C2C00788EF8 /* Helper */,
				AB96E8232004609C001F1B1F /* Info.plist */,
				AB96E8132004609C001F1B1F /* JJServiceManager.h */,
				AB72551820183578005FE626 /* Model */,
				AB96E8102004609C001F1B1F /* Network */,
				AB96E80D2004609C001F1B1F /* Notification */,
				AB96E81A2004609C001F1B1F /* Service */,
				AB96E8142004609C001F1B1F /* ServiceFactory */,
			);
			path = JJServiceManager;
			sourceTree = "<group>";
		};
		AB96E80D2004609C001F1B1F /* Notification */ = {
			isa = PBXGroup;
			children = (
				AB96E80F2004609C001F1B1F /* JJServiceNotification.h */,
				AB96E80E2004609C001F1B1F /* JJServiceNotification.m */,
			);
			path = Notification;
			sourceTree = "<group>";
		};
		AB96E8102004609C001F1B1F /* Network */ = {
			isa = PBXGroup;
			children = (
				ABC87E4D20049BAB00788EF8 /* JJBaseRequest.h */,
				ABC87E4E20049BAB00788EF8 /* JJBaseRequest.m */,
				AB96E8122004609C001F1B1F /* JJCustomRequest.h */,
				AB96E8112004609C001F1B1F /* JJCustomRequest.m */,
			);
			path = Network;
			sourceTree = "<group>";
		};
		AB96E8142004609C001F1B1F /* ServiceFactory */ = {
			isa = PBXGroup;
			children = (
				AB96E8152004609C001F1B1F /* JJServiceFactory.h */,
				AB96E8162004609C001F1B1F /* JJServiceFactory.m */,
			);
			path = ServiceFactory;
			sourceTree = "<group>";
		};
		AB96E8172004609C001F1B1F /* FeatureSet */ = {
			isa = PBXGroup;
			children = (
				AB96E8182004609C001F1B1F /* JJFeatureSet.h */,
				AB96E8192004609C001F1B1F /* JJFeatureSet.m */,
			);
			path = FeatureSet;
			sourceTree = "<group>";
		};
		AB96E81A2004609C001F1B1F /* Service */ = {
			isa = PBXGroup;
			children = (
				AB96E81C2004609C001F1B1F /* JJService.h */,
				AB96E81F2004609C001F1B1F /* JJService.m */,
				AB96E8202004609C001F1B1F /* JJServiceBatchRequest.h */,
				AB96E81B2004609C001F1B1F /* JJServiceBatchRequest.m */,
				AB96E81E2004609C001F1B1F /* JJServiceChainRequest.h */,
				AB96E8222004609C001F1B1F /* JJServiceChainRequest.m */,
			);
			path = Service;
			sourceTree = "<group>";
		};
		ABC87E5120049C2C00788EF8 /* Helper */ = {
			isa = PBXGroup;
			children = (
				ABC87E7B2004A04A00788EF8 /* JJBase64.h */,
				ABC87E7A2004A04A00788EF8 /* JJBase64.m */,
				ABC87E7620049FA700788EF8 /* JJEncryptUtil.h */,
				ABC87E7720049FA700788EF8 /* JJEncryptUtil.m */,
				ABC87E5820049C2C00788EF8 /* JJNSMutableDictionaryHelper.h */,
				ABC87E6020049C2C00788EF8 /* JJNSMutableDictionaryHelper.m */,
				ABC87E6220049C2C00788EF8 /* JJNSStringHelper.h */,
				ABC87E5920049C2C00788EF8 /* JJNSStringHelper.m */,
			);
			path = Helper;
			sourceTree = "<group>";
		};
		ABEC5B9314E6EABCA39CAE70 /* Frameworks */ = {
			isa = PBXGroup;
			children = (
				83284AD5EE11A8E604D30D93 /* Pods_JJServiceManager.framework */,
			);
			name = Frameworks;
			sourceTree = "<group>";
		};
/* End PBXGroup section */

/* Begin PBXHeadersBuildPhase section */
		AB07122820045E2F00559041 /* Headers */ = {
			isa = PBXHeadersBuildPhase;
			buildActionMask = 2147483647;
			files = (
				AB96E8332004609C001F1B1F /* JJServiceBatchRequest.h in Headers */,
				AB96E82C2004609C001F1B1F /* JJFeatureSet.h in Headers */,
				AB96E8292004609C001F1B1F /* JJServiceManager.h in Headers */,
				ABC87E7820049FA700788EF8 /* JJEncryptUtil.h in Headers */,
				AB96E8312004609C001F1B1F /* JJServiceChainRequest.h in Headers */,
				ABC87E7D2004A04B00788EF8 /* JJBase64.h in Headers */,
				AB96E82F2004609C001F1B1F /* JJService.h in Headers */,
				ABC87E4F20049BAB00788EF8 /* JJBaseRequest.h in Headers */,
				AB96E82A2004609C001F1B1F /* JJServiceFactory.h in Headers */,
				AB96E8262004609C001F1B1F /* JJServiceNotification.h in Headers */,
				AB96E8282004609C001F1B1F /* JJCustomRequest.h in Headers */,
				ABC87E6A20049C2D00788EF8 /* JJNSMutableDictionaryHelper.h in Headers */,
				AB72551B201835CD005FE626 /* JJBaseModel.h in Headers */,
				ABC87E7420049C2D00788EF8 /* JJNSStringHelper.h in Headers */,
			);
			runOnlyForDeploymentPostprocessing = 0;
		};
/* End PBXHeadersBuildPhase section */

/* Begin PBXNativeTarget section */
		AB07122A20045E2F00559041 /* JJServiceManager */ = {
			isa = PBXNativeTarget;
			buildConfigurationList = AB07123F20045E3000559041 /* Build configuration list for PBXNativeTarget "JJServiceManager" */;
			buildPhases = (
				01EA33201EACF00AC9AE7B08 /* [CP] Check Pods Manifest.lock */,
				AB07122620045E2F00559041 /* Sources */,
				AB07122720045E2F00559041 /* Frameworks */,
				AB07122820045E2F00559041 /* Headers */,
				AB07122920045E2F00559041 /* Resources */,
				D2625C4B61EF38D50A99B439 /* [CP] Copy Pods Resources */,
			);
			buildRules = (
			);
			dependencies = (
			);
			name = JJServiceManager;
			productName = JJServiceManager;
			productReference = AB07122B20045E2F00559041 /* JJServiceManager.framework */;
			productType = "com.apple.product-type.framework";
		};
		AB07123320045E3000559041 /* JJServiceManagerTests */ = {
			isa = PBXNativeTarget;
			buildConfigurationList = AB07124220045E3000559041 /* Build configuration list for PBXNativeTarget "JJServiceManagerTests" */;
			buildPhases = (
				AB07123020045E3000559041 /* Sources */,
				AB07123120045E3000559041 /* Frameworks */,
				AB07123220045E3000559041 /* Resources */,
			);
			buildRules = (
			);
			dependencies = (
				AB07123720045E3000559041 /* PBXTargetDependency */,
			);
			name = JJServiceManagerTests;
			productName = JJServiceManagerTests;
			productReference = AB07123420045E3000559041 /* JJServiceManagerTests.xctest */;
			productType = "com.apple.product-type.bundle.unit-test";
		};
/* End PBXNativeTarget section */

/* Begin PBXProject section */
		AB07122220045E2F00559041 /* Project object */ = {
			isa = PBXProject;
			attributes = {
				LastUpgradeCheck = 0920;
				ORGANIZATIONNAME = "宫健(金融壹账通客户端研发团队)";
				TargetAttributes = {
					AB07122A20045E2F00559041 = {
						CreatedOnToolsVersion = 9.2;
						ProvisioningStyle = Automatic;
					};
					AB07123320045E3000559041 = {
						CreatedOnToolsVersion = 9.2;
						ProvisioningStyle = Automatic;
					};
				};
			};
			buildConfigurationList = AB07122520045E2F00559041 /* Build configuration list for PBXProject "JJServiceManager" */;
			compatibilityVersion = "Xcode 8.0";
			developmentRegion = en;
			hasScannedForEncodings = 0;
			knownRegions = (
				en,
			);
			mainGroup = AB07122120045E2F00559041;
			productRefGroup = AB07122C20045E2F00559041 /* Products */;
			projectDirPath = "";
			projectRoot = "";
			targets = (
				AB07122A20045E2F00559041 /* JJServiceManager */,
				AB07123320045E3000559041 /* JJServiceManagerTests */,
			);
		};
/* End PBXProject section */

/* Begin PBXResourcesBuildPhase section */
		AB07122920045E2F00559041 /* Resources */ = {
			isa = PBXResourcesBuildPhase;
			buildActionMask = 2147483647;
			files = (
			);
			runOnlyForDeploymentPostprocessing = 0;
		};
		AB07123220045E3000559041 /* Resources */ = {
			isa = PBXResourcesBuildPhase;
			buildActionMask = 2147483647;
			files = (
			);
			runOnlyForDeploymentPostprocessing = 0;
		};
/* End PBXResourcesBuildPhase section */

/* Begin PBXShellScriptBuildPhase section */
		01EA33201EACF00AC9AE7B08 /* [CP] Check Pods Manifest.lock */ = {
			isa = PBXShellScriptBuildPhase;
			buildActionMask = 2147483647;
			files = (
			);
			inputPaths = (
				"${PODS_PODFILE_DIR_PATH}/Podfile.lock",
				"${PODS_ROOT}/Manifest.lock",
			);
			name = "[CP] Check Pods Manifest.lock";
			outputPaths = (
				"$(DERIVED_FILE_DIR)/Pods-JJServiceManager-checkManifestLockResult.txt",
			);
			runOnlyForDeploymentPostprocessing = 0;
			shellPath = /bin/sh;
			shellScript = "diff \"${PODS_PODFILE_DIR_PATH}/Podfile.lock\" \"${PODS_ROOT}/Manifest.lock\" > /dev/null\nif [ $? != 0 ] ; then\n    # print error to STDERR\n    echo \"error: The sandbox is not in sync with the Podfile.lock. Run 'pod install' or update your CocoaPods installation.\" >&2\n    exit 1\nfi\n# This output is used by Xcode 'outputs' to avoid re-running this script phase.\necho \"SUCCESS\" > \"${SCRIPT_OUTPUT_FILE_0}\"\n";
			showEnvVarsInLog = 0;
		};
		D2625C4B61EF38D50A99B439 /* [CP] Copy Pods Resources */ = {
			isa = PBXShellScriptBuildPhase;
			buildActionMask = 2147483647;
			files = (
			);
			inputPaths = (
			);
			name = "[CP] Copy Pods Resources";
			outputPaths = (
			);
			runOnlyForDeploymentPostprocessing = 0;
			shellPath = /bin/sh;
			shellScript = "\"${SRCROOT}/Pods/Target Support Files/Pods-JJServiceManager/Pods-JJServiceManager-resources.sh\"\n";
			showEnvVarsInLog = 0;
		};
/* End PBXShellScriptBuildPhase section */

/* Begin PBXSourcesBuildPhase section */
		AB07122620045E2F00559041 /* Sources */ = {
			isa = PBXSourcesBuildPhase;
			buildActionMask = 2147483647;
			files = (
				ABC87E7920049FA700788EF8 /* JJEncryptUtil.m in Sources */,
				ABC87E5020049BAB00788EF8 /* JJBaseRequest.m in Sources */,
				AB96E82B2004609C001F1B1F /* JJServiceFactory.m in Sources */,
				AB96E82D2004609C001F1B1F /* JJFeatureSet.m in Sources */,
				AB96E82E2004609C001F1B1F /* JJServiceBatchRequest.m in Sources */,
				ABC87E6B20049C2D00788EF8 /* JJNSStringHelper.m in Sources */,
				AB72551C201835CD005FE626 /* JJBaseModel.m in Sources */,
				ABC87E7220049C2D00788EF8 /* JJNSMutableDictionaryHelper.m in Sources */,
				AB96E8322004609C001F1B1F /* JJService.m in Sources */,
				AB96E8272004609C001F1B1F /* JJCustomRequest.m in Sources */,
				AB96E8252004609C001F1B1F /* JJServiceNotification.m in Sources */,
				AB96E8352004609C001F1B1F /* JJServiceChainRequest.m in Sources */,
				ABC87E7C2004A04B00788EF8 /* JJBase64.m in Sources */,
			);
			runOnlyForDeploymentPostprocessing = 0;
		};
		AB07123020045E3000559041 /* Sources */ = {
			isa = PBXSourcesBuildPhase;
			buildActionMask = 2147483647;
			files = (
				AB07123A20045E3000559041 /* JJServiceManagerTests.m in Sources */,
			);
			runOnlyForDeploymentPostprocessing = 0;
		};
/* End PBXSourcesBuildPhase section */

/* Begin PBXTargetDependency section */
		AB07123720045E3000559041 /* PBXTargetDependency */ = {
			isa = PBXTargetDependency;
			target = AB07122A20045E2F00559041 /* JJServiceManager */;
			targetProxy = AB07123620045E3000559041 /* PBXContainerItemProxy */;
		};
/* End PBXTargetDependency section */

/* Begin XCBuildConfiguration section */
		AB07123D20045E3000559041 /* Debug */ = {
			isa = XCBuildConfiguration;
			buildSettings = {
				ALWAYS_SEARCH_USER_PATHS = NO;
				CLANG_ANALYZER_NONNULL = YES;
				CLANG_ANALYZER_NUMBER_OBJECT_CONVERSION = YES_AGGRESSIVE;
				CLANG_CXX_LANGUAGE_STANDARD = "gnu++14";
				CLANG_CXX_LIBRARY = "libc++";
				CLANG_ENABLE_MODULES = YES;
				CLANG_ENABLE_OBJC_ARC = YES;
				CLANG_WARN_BLOCK_CAPTURE_AUTORELEASING = YES;
				CLANG_WARN_BOOL_CONVERSION = YES;
				CLANG_WARN_COMMA = YES;
				CLANG_WARN_CONSTANT_CONVERSION = YES;
				CLANG_WARN_DIRECT_OBJC_ISA_USAGE = YES_ERROR;
				CLANG_WARN_DOCUMENTATION_COMMENTS = YES;
				CLANG_WARN_EMPTY_BODY = YES;
				CLANG_WARN_ENUM_CONVERSION = YES;
				CLANG_WARN_INFINITE_RECURSION = YES;
				CLANG_WARN_INT_CONVERSION = YES;
				CLANG_WARN_NON_LITERAL_NULL_CONVERSION = YES;
				CLANG_WARN_OBJC_LITERAL_CONVERSION = YES;
				CLANG_WARN_OBJC_ROOT_CLASS = YES_ERROR;
				CLANG_WARN_RANGE_LOOP_ANALYSIS = YES;
				CLANG_WARN_STRICT_PROTOTYPES = YES;
				CLANG_WARN_SUSPICIOUS_MOVE = YES;
				CLANG_WARN_UNGUARDED_AVAILABILITY = YES_AGGRESSIVE;
				CLANG_WARN_UNREACHABLE_CODE = YES;
				CLANG_WARN__DUPLICATE_METHOD_MATCH = YES;
				CODE_SIGN_IDENTITY = "iPhone Developer";
				COPY_PHASE_STRIP = NO;
				CURRENT_PROJECT_VERSION = 1;
				DEBUG_INFORMATION_FORMAT = dwarf;
				ENABLE_STRICT_OBJC_MSGSEND = YES;
				ENABLE_TESTABILITY = YES;
				GCC_C_LANGUAGE_STANDARD = gnu11;
				GCC_DYNAMIC_NO_PIC = NO;
				GCC_NO_COMMON_BLOCKS = YES;
				GCC_OPTIMIZATION_LEVEL = 0;
				GCC_PREPROCESSOR_DEFINITIONS = (
					"DEBUG=1",
					"$(inherited)",
				);
				GCC_WARN_64_TO_32_BIT_CONVERSION = YES;
				GCC_WARN_ABOUT_RETURN_TYPE = YES_ERROR;
				GCC_WARN_UNDECLARED_SELECTOR = YES;
				GCC_WARN_UNINITIALIZED_AUTOS = YES_AGGRESSIVE;
				GCC_WARN_UNUSED_FUNCTION = YES;
				GCC_WARN_UNUSED_VARIABLE = YES;
				IPHONEOS_DEPLOYMENT_TARGET = 11.2;
				MTL_ENABLE_DEBUG_INFO = YES;
				ONLY_ACTIVE_ARCH = YES;
				SDKROOT = iphoneos;
				VERSIONING_SYSTEM = "apple-generic";
				VERSION_INFO_PREFIX = "";
			};
			name = Debug;
		};
		AB07123E20045E3000559041 /* Release */ = {
			isa = XCBuildConfiguration;
			buildSettings = {
				ALWAYS_SEARCH_USER_PATHS = NO;
				CLANG_ANALYZER_NONNULL = YES;
				CLANG_ANALYZER_NUMBER_OBJECT_CONVERSION = YES_AGGRESSIVE;
				CLANG_CXX_LANGUAGE_STANDARD = "gnu++14";
				CLANG_CXX_LIBRARY = "libc++";
				CLANG_ENABLE_MODULES = YES;
				CLANG_ENABLE_OBJC_ARC = YES;
				CLANG_WARN_BLOCK_CAPTURE_AUTORELEASING = YES;
				CLANG_WARN_BOOL_CONVERSION = YES;
				CLANG_WARN_COMMA = YES;
				CLANG_WARN_CONSTANT_CONVERSION = YES;
				CLANG_WARN_DIRECT_OBJC_ISA_USAGE = YES_ERROR;
				CLANG_WARN_DOCUMENTATION_COMMENTS = YES;
				CLANG_WARN_EMPTY_BODY = YES;
				CLANG_WARN_ENUM_CONVERSION = YES;
				CLANG_WARN_INFINITE_RECURSION = YES;
				CLANG_WARN_INT_CONVERSION = YES;
				CLANG_WARN_NON_LITERAL_NULL_CONVERSION = YES;
				CLANG_WARN_OBJC_LITERAL_CONVERSION = YES;
				CLANG_WARN_OBJC_ROOT_CLASS = YES_ERROR;
				CLANG_WARN_RANGE_LOOP_ANALYSIS = YES;
				CLANG_WARN_STRICT_PROTOTYPES = YES;
				CLANG_WARN_SUSPICIOUS_MOVE = YES;
				CLANG_WARN_UNGUARDED_AVAILABILITY = YES_AGGRESSIVE;
				CLANG_WARN_UNREACHABLE_CODE = YES;
				CLANG_WARN__DUPLICATE_METHOD_MATCH = YES;
				CODE_SIGN_IDENTITY = "iPhone Developer";
				COPY_PHASE_STRIP = NO;
				CURRENT_PROJECT_VERSION = 1;
				DEBUG_INFORMATION_FORMAT = "dwarf-with-dsym";
				ENABLE_NS_ASSERTIONS = NO;
				ENABLE_STRICT_OBJC_MSGSEND = YES;
				GCC_C_LANGUAGE_STANDARD = gnu11;
				GCC_NO_COMMON_BLOCKS = YES;
				GCC_WARN_64_TO_32_BIT_CONVERSION = YES;
				GCC_WARN_ABOUT_RETURN_TYPE = YES_ERROR;
				GCC_WARN_UNDECLARED_SELECTOR = YES;
				GCC_WARN_UNINITIALIZED_AUTOS = YES_AGGRESSIVE;
				GCC_WARN_UNUSED_FUNCTION = YES;
				GCC_WARN_UNUSED_VARIABLE = YES;
				IPHONEOS_DEPLOYMENT_TARGET = 11.2;
				MTL_ENABLE_DEBUG_INFO = NO;
				SDKROOT = iphoneos;
				VALIDATE_PRODUCT = YES;
				VERSIONING_SYSTEM = "apple-generic";
				VERSION_INFO_PREFIX = "";
			};
			name = Release;
		};
		AB07124020045E3000559041 /* Debug */ = {
			isa = XCBuildConfiguration;
			baseConfigurationReference = C2121006409946F600ED93D8 /* Pods-JJServiceManager.debug.xcconfig */;
			buildSettings = {
				CODE_SIGN_IDENTITY = "";
				CODE_SIGN_STYLE = Automatic;
				DEFINES_MODULE = YES;
				DYLIB_COMPATIBILITY_VERSION = 1;
				DYLIB_CURRENT_VERSION = 1;
				DYLIB_INSTALL_NAME_BASE = "@rpath";
				INFOPLIST_FILE = JJServiceManager/Info.plist;
				INSTALL_PATH = "$(LOCAL_LIBRARY_DIR)/Frameworks";
				LD_RUNPATH_SEARCH_PATHS = "$(inherited) @executable_path/Frameworks @loader_path/Frameworks";
				PRODUCT_BUNDLE_IDENTIFIER = JJ.JJServiceManager;
				PRODUCT_NAME = "$(TARGET_NAME:c99extidentifier)";
				SKIP_INSTALL = YES;
				TARGETED_DEVICE_FAMILY = "1,2";
			};
			name = Debug;
		};
		AB07124120045E3000559041 /* Release */ = {
			isa = XCBuildConfiguration;
			baseConfigurationReference = 7BF30DD8D95A3889E1F48907 /* Pods-JJServiceManager.release.xcconfig */;
			buildSettings = {
				CODE_SIGN_IDENTITY = "";
				CODE_SIGN_STYLE = Automatic;
				DEFINES_MODULE = YES;
				DYLIB_COMPATIBILITY_VERSION = 1;
				DYLIB_CURRENT_VERSION = 1;
				DYLIB_INSTALL_NAME_BASE = "@rpath";
				INFOPLIST_FILE = JJServiceManager/Info.plist;
				INSTALL_PATH = "$(LOCAL_LIBRARY_DIR)/Frameworks";
				LD_RUNPATH_SEARCH_PATHS = "$(inherited) @executable_path/Frameworks @loader_path/Frameworks";
				PRODUCT_BUNDLE_IDENTIFIER = JJ.JJServiceManager;
				PRODUCT_NAME = "$(TARGET_NAME:c99extidentifier)";
				SKIP_INSTALL = YES;
				TARGETED_DEVICE_FAMILY = "1,2";
			};
			name = Release;
		};
		AB07124320045E3000559041 /* Debug */ = {
			isa = XCBuildConfiguration;
			buildSettings = {
				CODE_SIGN_STYLE = Automatic;
				INFOPLIST_FILE = JJServiceManagerTests/Info.plist;
				LD_RUNPATH_SEARCH_PATHS = "$(inherited) @executable_path/Frameworks @loader_path/Frameworks";
				PRODUCT_BUNDLE_IDENTIFIER = JJ.JJServiceManagerTests;
				PRODUCT_NAME = "$(TARGET_NAME)";
				TARGETED_DEVICE_FAMILY = "1,2";
			};
			name = Debug;
		};
		AB07124420045E3000559041 /* Release */ = {
			isa = XCBuildConfiguration;
			buildSettings = {
				CODE_SIGN_STYLE = Automatic;
				INFOPLIST_FILE = JJServiceManagerTests/Info.plist;
				LD_RUNPATH_SEARCH_PATHS = "$(inherited) @executable_path/Frameworks @loader_path/Frameworks";
				PRODUCT_BUNDLE_IDENTIFIER = JJ.JJServiceManagerTests;
				PRODUCT_NAME = "$(TARGET_NAME)";
				TARGETED_DEVICE_FAMILY = "1,2";
			};
			name = Release;
		};
/* End XCBuildConfiguration section */

/* Begin XCConfigurationList section */
		AB07122520045E2F00559041 /* Build configuration list for PBXProject "JJServiceManager" */ = {
			isa = XCConfigurationList;
			buildConfigurations = (
				AB07123D20045E3000559041 /* Debug */,
				AB07123E20045E3000559041 /* Release */,
			);
			defaultConfigurationIsVisible = 0;
			defaultConfigurationName = Release;
		};
		AB07123F20045E3000559041 /* Build configuration list for PBXNativeTarget "JJServiceManager" */ = {
			isa = XCConfigurationList;
			buildConfigurations = (
				AB07124020045E3000559041 /* Debug */,
				AB07124120045E3000559041 /* Release */,
			);
			defaultConfigurationIsVisible = 0;
			defaultConfigurationName = Release;
		};
		AB07124220045E3000559041 /* Build configuration list for PBXNativeTarget "JJServiceManagerTests" */ = {
			isa = XCConfigurationList;
			buildConfigurations = (
				AB07124320045E3000559041 /* Debug */,
				AB07124420045E3000559041 /* Release */,
			);
			defaultConfigurationIsVisible = 0;
			defaultConfigurationName = Release;
		};
/* End XCConfigurationList section */
	};
	rootObject = AB07122220045E2F00559041 /* Project object */;
}
